
Microsoft Visual Studio Solution File, Format Version 12.00
# Visual Studio Version 17
VisualStudioVersion = 17.5.2.0
MinimumVisualStudioVersion = 10.0.40219.1
Project("{FAE04EC0-301F-11D3-BF4B-00C04F79EFBC}") = "validation-record-types", "validation-record-types\validation-record-types.csproj", "{1756A1BB-A24C-AF01-2F77-095EDE63E241}"
EndProject
Project("{FAE04EC0-301F-11D3-BF4B-00C04F79EFBC}") = "validation-generic-types", "validation-generic-types\validation-generic-types.csproj", "{CCEAA287-84B5-46EB-B129-DB7500C82DD1}"
EndProject
Project("{FAE04EC0-301F-11D3-BF4B-00C04F79EFBC}") = "validation-from-services", "validation-from-services\validation-from-services.csproj", "{9A27029C-44DA-4D53-AFC0-C6B0B67CD533}"
EndProject
Project("{FAE04EC0-301F-11D3-BF4B-00C04F79EFBC}") = "xmldoc-for-asparameters", "xmldoc-for-asparameters\xmldoc-for-asparameters.csproj", "{32EC431C-85F2-4DD2-A4F3-7EC6A2C89BC2}"
EndProject
Global
	GlobalSection(SolutionConfigurationPlatforms) = preSolution
		Debug|Any CPU = Debug|Any CPU
		Debug|x64 = Debug|x64
		Debug|x86 = Debug|x86
		Release|Any CPU = Release|Any CPU
		Release|x64 = Release|x64
		Release|x86 = Release|x86
	EndGlobalSection
	GlobalSection(ProjectConfigurationPlatforms) = postSolution
		{1756A1BB-A24C-AF01-2F77-095EDE63E241}.Debug|Any CPU.ActiveCfg = Debug|Any CPU
		{1756A1BB-A24C-AF01-2F77-095EDE63E241}.Debug|Any CPU.Build.0 = Debug|Any CPU
		{1756A1BB-A24C-AF01-2F77-095EDE63E241}.Debug|x64.ActiveCfg = Debug|Any CPU
		{1756A1BB-A24C-AF01-2F77-095EDE63E241}.Debug|x64.Build.0 = Debug|Any CPU
		{1756A1BB-A24C-AF01-2F77-095EDE63E241}.Debug|x86.ActiveCfg = Debug|Any CPU
		{1756A1BB-A24C-AF01-2F77-095EDE63E241}.Debug|x86.Build.0 = Debug|Any CPU
		{1756A1BB-A24C-AF01-2F77-095EDE63E241}.Release|Any CPU.ActiveCfg = Release|Any CPU
		{1756A1BB-A24C-AF01-2F77-095EDE63E241}.Release|Any CPU.Build.0 = Release|Any CPU
		{1756A1BB-A24C-AF01-2F77-095EDE63E241}.Release|x64.ActiveCfg = Release|Any CPU
		{1756A1BB-A24C-AF01-2F77-095EDE63E241}.Release|x64.Build.0 = Release|Any CPU
		{1756A1BB-A24C-AF01-2F77-095EDE63E241}.Release|x86.ActiveCfg = Release|Any CPU
		{1756A1BB-A24C-AF01-2F77-095EDE63E241}.Release|x86.Build.0 = Release|Any CPU
		{CCEAA287-84B5-46EB-B129-DB7500C82DD1}.Debug|Any CPU.ActiveCfg = Debug|Any CPU
		{CCEAA287-84B5-46EB-B129-DB7500C82DD1}.Debug|Any CPU.Build.0 = Debug|Any CPU
		{CCEAA287-84B5-46EB-B129-DB7500C82DD1}.Debug|x64.ActiveCfg = Debug|Any CPU
		{CCEAA287-84B5-46EB-B129-DB7500C82DD1}.Debug|x64.Build.0 = Debug|Any CPU
		{CCEAA287-84B5-46EB-B129-DB7500C82DD1}.Debug|x86.ActiveCfg = Debug|Any CPU
		{CCEAA287-84B5-46EB-B129-DB7500C82DD1}.Debug|x86.Build.0 = Debug|Any CPU
		{CCEAA287-84B5-46EB-B129-DB7500C82DD1}.Release|Any CPU.ActiveCfg = Release|Any CPU
		{CCEAA287-84B5-46EB-B129-DB7500C82DD1}.Release|Any CPU.Build.0 = Release|Any CPU
		{CCEAA287-84B5-46EB-B129-DB7500C82DD1}.Release|x64.ActiveCfg = Release|Any CPU
		{CCEAA287-84B5-46EB-B129-DB7500C82DD1}.Release|x64.Build.0 = Release|Any CPU
		{CCEAA287-84B5-46EB-B129-DB7500C82DD1}.Release|x86.ActiveCfg = Release|Any CPU
		{CCEAA287-84B5-46EB-B129-DB7500C82DD1}.Release|x86.Build.0 = Release|Any CPU
		{9A27029C-44DA-4D53-AFC0-C6B0B67CD533}.Debug|Any CPU.ActiveCfg = Debug|Any CPU
		{9A27029C-44DA-4D53-AFC0-C6B0B67CD533}.Debug|Any CPU.Build.0 = Debug|Any CPU
		{9A27029C-44DA-4D53-AFC0-C6B0B67CD533}.Debug|x64.ActiveCfg = Debug|Any CPU
		{9A27029C-44DA-4D53-AFC0-C6B0B67CD533}.Debug|x64.Build.0 = Debug|Any CPU
		{9A27029C-44DA-4D53-AFC0-C6B0B67CD533}.Debug|x86.ActiveCfg = Debug|Any CPU
		{9A27029C-44DA-4D53-AFC0-C6B0B67CD533}.Debug|x86.Build.0 = Debug|Any CPU
		{9A27029C-44DA-4D53-AFC0-C6B0B67CD533}.Release|Any CPU.ActiveCfg = Release|Any CPU
		{9A27029C-44DA-4D53-AFC0-C6B0B67CD533}.Release|Any CPU.Build.0 = Release|Any CPU
		{9A27029C-44DA-4D53-AFC0-C6B0B67CD533}.Release|x64.ActiveCfg = Release|Any CPU
		{9A27029C-44DA-4D53-AFC0-C6B0B67CD533}.Release|x64.Build.0 = Release|Any CPU
		{9A27029C-44DA-4D53-AFC0-C6B0B67CD533}.Release|x86.ActiveCfg = Release|Any CPU
		{9A27029C-44DA-4D53-AFC0-C6B0B67CD533}.Release|x86.Build.0 = Release|Any CPU
		{32EC431C-85F2-4DD2-A4F3-7EC6A2C89BC2}.Debug|Any CPU.ActiveCfg = Debug|Any CPU
		{32EC431C-85F2-4DD2-A4F3-7EC6A2C89BC2}.Debug|Any CPU.Build.0 = Debug|Any CPU
		{32EC431C-85F2-4DD2-A4F3-7EC6A2C89BC2}.Debug|x64.ActiveCfg = Debug|Any CPU
		{32EC431C-85F2-4DD2-A4F3-7EC6A2C89BC2}.Debug|x64.Build.0 = Debug|Any CPU
		{32EC431C-85F2-4DD2-A4F3-7EC6A2C89BC2}.Debug|x86.ActiveCfg = Debug|Any CPU
		{32EC431C-85F2-4DD2-A4F3-7EC6A2C89BC2}.Debug|x86.Build.0 = Debug|Any CPU
		{32EC431C-85F2-4DD2-A4F3-7EC6A2C89BC2}.Release|Any CPU.ActiveCfg = Release|Any CPU
		{32EC431C-85F2-4DD2-A4F3-7EC6A2C89BC2}.Release|Any CPU.Build.0 = Release|Any CPU
		{32EC431C-85F2-4DD2-A4F3-7EC6A2C89BC2}.Release|x64.ActiveCfg = Release|Any CPU
		{32EC431C-85F2-4DD2-A4F3-7EC6A2C89BC2}.Release|x64.Build.0 = Release|Any CPU
		{32EC431C-85F2-4DD2-A4F3-7EC6A2C89BC2}.Release|x86.ActiveCfg = Release|Any CPU
		{32EC431C-85F2-4DD2-A4F3-7EC6A2C89BC2}.Release|x86.Build.0 = Release|Any CPU
	EndGlobalSection
	GlobalSection(SolutionProperties) = preSolution
		HideSolutionNode = FALSE
	EndGlobalSection
	GlobalSection(ExtensibilityGlobals) = postSolution
		SolutionGuid = {EF5B9960-282F-4D65-9E19-C5B486253F81}
	EndGlobalSection
EndGlobal
